
Microsoft Visual Studio Solution File, Format Version 10.00
# Visual Studio 2008
Project("{8BC9CEB8-8B4A-11D0-8D11-00A0C91BC942}") = "ListCtrl", "ListCtrl\ListCtrl.vcproj", "{A2BD1DC4-8165-44FC-9077-A6B8CFBD55D9}"
EndProject
Global
	GlobalSection(SolutionConfigurationPlatforms) = preSolution
		Debug|Win32 = Debug|Win32
		Release|Win32 = Release|Win32
	EndGlobalSection
	GlobalSection(ProjectConfigurationPlatforms) = postSolution
		{A2BD1DC4-8165-44FC-9077-A6B8CFBD55D9}.Debug|Win32.ActiveCfg = Debug|Win32
		{A2BD1DC4-8165-44FC-9077-A6B8CFBD55D9}.Debug|Win32.Build.0 = Debug|Win32
		{A2BD1DC4-8165-44FC-9077-A6B8CFBD55D9}.Release|Win32.ActiveCfg = Release|Win32
		{A2BD1DC4-8165-44FC-9077-A6B8CFBD55D9}.Release|Win32.Build.0 = Release|Win32
	EndGlobalSection
	GlobalSection(SolutionProperties) = preSolution
		HideSolutionNode = FALSE
	EndGlobalSection
EndGlobal
